Microsoft Visual Studio Solution File, Format Version 11.00
# Visual Studio 2010
Project("{8BC9CEB8-8B4A-11D0-8D11-00A0C91BC942}") = "ALL_BUILD", "ALL_BUILD.vcxproj", "{2C52FC77-F00F-49CC-84EC-573D27AD90D5}"
	ProjectSection(ProjectDependencies) = postProject
		{1A18DA1F-884D-4390-8091-2C04A8D6E16D} = {1A18DA1F-884D-4390-8091-2C04A8D6E16D}
		{9CCB8D86-6A03-4E6C-BCC3-84DE3C0F875F} = {9CCB8D86-6A03-4E6C-BCC3-84DE3C0F875F}
	EndProjectSection
EndProject
Project("{8BC9CEB8-8B4A-11D0-8D11-00A0C91BC942}") = "GestureToMoveDocument", "GestureToMoveDocument.vcxproj", "{1A18DA1F-884D-4390-8091-2C04A8D6E16D}"
	ProjectSection(ProjectDependencies) = postProject
		{9CCB8D86-6A03-4E6C-BCC3-84DE3C0F875F} = {9CCB8D86-6A03-4E6C-BCC3-84DE3C0F875F}
	EndProjectSection
EndProject
Project("{8BC9CEB8-8B4A-11D0-8D11-00A0C91BC942}") = "ZERO_CHECK", "ZERO_CHECK.vcxproj", "{9CCB8D86-6A03-4E6C-BCC3-84DE3C0F875F}"
	ProjectSection(ProjectDependencies) = postProject
	EndProjectSection
EndProject
Global
	GlobalSection(SolutionConfigurationPlatforms) = preSolution
		Debug|Win32 = Debug|Win32
		Release|Win32 = Release|Win32
		MinSizeRel|Win32 = MinSizeRel|Win32
		RelWithDebInfo|Win32 = RelWithDebInfo|Win32
	EndGlobalSection
	GlobalSection(ProjectConfigurationPlatforms) = postSolution
		{2C52FC77-F00F-49CC-84EC-573D27AD90D5}.Debug|Win32.ActiveCfg = Debug|Win32
		{2C52FC77-F00F-49CC-84EC-573D27AD90D5}.Release|Win32.ActiveCfg = Release|Win32
		{2C52FC77-F00F-49CC-84EC-573D27AD90D5}.MinSizeRel|Win32.ActiveCfg = MinSizeRel|Win32
		{2C52FC77-F00F-49CC-84EC-573D27AD90D5}.RelWithDebInfo|Win32.ActiveCfg = RelWithDebInfo|Win32
		{1A18DA1F-884D-4390-8091-2C04A8D6E16D}.Debug|Win32.ActiveCfg = Debug|Win32
		{1A18DA1F-884D-4390-8091-2C04A8D6E16D}.Debug|Win32.Build.0 = Debug|Win32
		{1A18DA1F-884D-4390-8091-2C04A8D6E16D}.Release|Win32.ActiveCfg = Release|Win32
		{1A18DA1F-884D-4390-8091-2C04A8D6E16D}.Release|Win32.Build.0 = Release|Win32
		{1A18DA1F-884D-4390-8091-2C04A8D6E16D}.MinSizeRel|Win32.ActiveCfg = MinSizeRel|Win32
		{1A18DA1F-884D-4390-8091-2C04A8D6E16D}.MinSizeRel|Win32.Build.0 = MinSizeRel|Win32
		{1A18DA1F-884D-4390-8091-2C04A8D6E16D}.RelWithDebInfo|Win32.ActiveCfg = RelWithDebInfo|Win32
		{1A18DA1F-884D-4390-8091-2C04A8D6E16D}.RelWithDebInfo|Win32.Build.0 = RelWithDebInfo|Win32
		{9CCB8D86-6A03-4E6C-BCC3-84DE3C0F875F}.Debug|Win32.ActiveCfg = Debug|Win32
		{9CCB8D86-6A03-4E6C-BCC3-84DE3C0F875F}.Debug|Win32.Build.0 = Debug|Win32
		{9CCB8D86-6A03-4E6C-BCC3-84DE3C0F875F}.Release|Win32.ActiveCfg = Release|Win32
		{9CCB8D86-6A03-4E6C-BCC3-84DE3C0F875F}.Release|Win32.Build.0 = Release|Win32
		{9CCB8D86-6A03-4E6C-BCC3-84DE3C0F875F}.MinSizeRel|Win32.ActiveCfg = MinSizeRel|Win32
		{9CCB8D86-6A03-4E6C-BCC3-84DE3C0F875F}.MinSizeRel|Win32.Build.0 = MinSizeRel|Win32
		{9CCB8D86-6A03-4E6C-BCC3-84DE3C0F875F}.RelWithDebInfo|Win32.ActiveCfg = RelWithDebInfo|Win32
		{9CCB8D86-6A03-4E6C-BCC3-84DE3C0F875F}.RelWithDebInfo|Win32.Build.0 = RelWithDebInfo|Win32
	EndGlobalSection
	GlobalSection(ExtensibilityGlobals) = postSolution
	EndGlobalSection
	GlobalSection(ExtensibilityAddIns) = postSolution
	EndGlobalSection
EndGlobal
